
Microsoft Visual Studio Solution File, Format Version 12.00
Project("{FAE04EC0-301F-11D3-BF4B-00C04F79EFBC}") = "SquadRconClient", "SquadRconClient\SquadRconClient.csproj", "{056F322D-E725-4630-98FE-F094236CBB11}"
EndProject
Project("{FAE04EC0-301F-11D3-BF4B-00C04F79EFBC}") = "SquadRconServer", "SquadRconServer\SquadRconServer.csproj", "{AA1AD59A-D828-492D-A59C-DC3F78F8D552}"
EndProject
Project("{FAE04EC0-301F-11D3-BF4B-00C04F79EFBC}") = "SquadRconLibrary", "SquadRconLibrary\SquadRconLibrary.csproj", "{F265D32E-F909-4D0B-A030-4B72CE106299}"
EndProject
Global
	GlobalSection(SolutionConfigurationPlatforms) = preSolution
		Debug|Any CPU = Debug|Any CPU
		Release|Any CPU = Release|Any CPU
	EndGlobalSection
	GlobalSection(ProjectConfigurationPlatforms) = postSolution
		{056F322D-E725-4630-98FE-F094236CBB11}.Debug|Any CPU.ActiveCfg = Debug|Any CPU
		{056F322D-E725-4630-98FE-F094236CBB11}.Debug|Any CPU.Build.0 = Debug|Any CPU
		{056F322D-E725-4630-98FE-F094236CBB11}.Release|Any CPU.ActiveCfg = Release|Any CPU
		{056F322D-E725-4630-98FE-F094236CBB11}.Release|Any CPU.Build.0 = Release|Any CPU
		{AA1AD59A-D828-492D-A59C-DC3F78F8D552}.Debug|Any CPU.ActiveCfg = Debug|Any CPU
		{AA1AD59A-D828-492D-A59C-DC3F78F8D552}.Debug|Any CPU.Build.0 = Debug|Any CPU
		{AA1AD59A-D828-492D-A59C-DC3F78F8D552}.Release|Any CPU.ActiveCfg = Release|Any CPU
		{AA1AD59A-D828-492D-A59C-DC3F78F8D552}.Release|Any CPU.Build.0 = Release|Any CPU
		{F265D32E-F909-4D0B-A030-4B72CE106299}.Debug|Any CPU.ActiveCfg = Debug|Any CPU
		{F265D32E-F909-4D0B-A030-4B72CE106299}.Debug|Any CPU.Build.0 = Debug|Any CPU
		{F265D32E-F909-4D0B-A030-4B72CE106299}.Release|Any CPU.ActiveCfg = Release|Any CPU
		{F265D32E-F909-4D0B-A030-4B72CE106299}.Release|Any CPU.Build.0 = Release|Any CPU
	EndGlobalSection
EndGlobal
